
Microsoft Visual Studio Solution File, Format Version 12.00
# Visual Studio Version 17
VisualStudioVersion = 17.5.002.0
MinimumVisualStudioVersion = 10.0.40219.1
Project("{9A19103F-16F7-4668-BE54-9A1E7A4F7556}") = "TechMed.WebAPI", "TechMed.WebAPI\TechMed.WebAPI.csproj", "{56D87028-5FC6-4AF0-94A6-0C7CB47A3BA7}"
EndProject
Global
	GlobalSection(SolutionConfigurationPlatforms) = preSolution
		Debug|Any CPU = Debug|Any CPU
		Release|Any CPU = Release|Any CPU
	EndGlobalSection
	GlobalSection(ProjectConfigurationPlatforms) = postSolution
		{56D87028-5FC6-4AF0-94A6-0C7CB47A3BA7}.Debug|Any CPU.ActiveCfg = Debug|Any CPU
		{56D87028-5FC6-4AF0-94A6-0C7CB47A3BA7}.Debug|Any CPU.Build.0 = Debug|Any CPU
		{56D87028-5FC6-4AF0-94A6-0C7CB47A3BA7}.Release|Any CPU.ActiveCfg = Release|Any CPU
		{56D87028-5FC6-4AF0-94A6-0C7CB47A3BA7}.Release|Any CPU.Build.0 = Release|Any CPU
	EndGlobalSection
	GlobalSection(SolutionProperties) = preSolution
		HideSolutionNode = FALSE
	EndGlobalSection
	GlobalSection(ExtensibilityGlobals) = postSolution
		SolutionGuid = {B8FBB129-4577-46AD-9A7E-A5DE9DBB99C0}
	EndGlobalSection
EndGlobal
