
Microsoft Visual Studio Solution File, Format Version 12.00
# Visual Studio Version 17
VisualStudioVersion = 17.5.002.0
MinimumVisualStudioVersion = 10.0.40219.1
Project("{9A19103F-16F7-4668-BE54-9A1E7A4F7556}") = "Domain", "Domain\Domain.csproj", "{A85FCA03-8ADE-456C-BE77-F308BA57061B}"
EndProject
Project("{9A19103F-16F7-4668-BE54-9A1E7A4F7556}") = "MinimalAPI", "MinimalAPI\MinimalAPI.csproj", "{EB1C8FE6-CADE-47CD-B42A-FAFD5176A629}"
EndProject
Global
	GlobalSection(SolutionConfigurationPlatforms) = preSolution
		Debug|Any CPU = Debug|Any CPU
		Release|Any CPU = Release|Any CPU
	EndGlobalSection
	GlobalSection(ProjectConfigurationPlatforms) = postSolution
		{A85FCA03-8ADE-456C-BE77-F308BA57061B}.Debug|Any CPU.ActiveCfg = Debug|Any CPU
		{A85FCA03-8ADE-456C-BE77-F308BA57061B}.Debug|Any CPU.Build.0 = Debug|Any CPU
		{A85FCA03-8ADE-456C-BE77-F308BA57061B}.Release|Any CPU.ActiveCfg = Release|Any CPU
		{A85FCA03-8ADE-456C-BE77-F308BA57061B}.Release|Any CPU.Build.0 = Release|Any CPU
		{EB1C8FE6-CADE-47CD-B42A-FAFD5176A629}.Debug|Any CPU.ActiveCfg = Debug|Any CPU
		{EB1C8FE6-CADE-47CD-B42A-FAFD5176A629}.Debug|Any CPU.Build.0 = Debug|Any CPU
		{EB1C8FE6-CADE-47CD-B42A-FAFD5176A629}.Release|Any CPU.ActiveCfg = Release|Any CPU
		{EB1C8FE6-CADE-47CD-B42A-FAFD5176A629}.Release|Any CPU.Build.0 = Release|Any CPU
	EndGlobalSection
	GlobalSection(SolutionProperties) = preSolution
		HideSolutionNode = FALSE
	EndGlobalSection
	GlobalSection(ExtensibilityGlobals) = postSolution
		SolutionGuid = {AF4C13C4-A974-458F-B5B0-4BF9668F86A0}
	EndGlobalSection
EndGlobal
